// !$*UTF8*$!
{
	archiveVersion = 1;
	classes = {
	};
	objectVersion = 56;
	objects = {

/* Begin PBXBuildFile section */
		1DB099C12C94D97F002C02BD /* AppDelegate.swift in Sources */ = {isa = PBXBuildFile; fileRef = 1DB099C02C94D97F002C02BD /* AppDelegate.swift */; };
		1DB099C32C94D97F002C02BD /* SceneDelegate.swift in Sources */ = {isa = PBXBuildFile; fileRef = 1DB099C22C94D97F002C02BD /* SceneDelegate.swift */; };
		1DB099C52C94D97F002C02BD /* ViewController.swift in Sources */ = {isa = PBXBuildFile; fileRef = 1DB099C42C94D97F002C02BD /* ViewController.swift */; };
		1DB099C82C94D97F002C02BD /* Base in Resources */ = {isa = PBXBuildFile; fileRef = 1DB099C72C94D97F002C02BD /* Base */; };
		1DB099CA2C94D981002C02BD /* Assets.xcassets in Resources */ = {isa = PBXBuildFile; fileRef = 1DB099C92C94D981002C02BD /* Assets.xcassets */; };
		1DB099CD2C94D981002C02BD /* Base in Resources */ = {isa = PBXBuildFile; fileRef = 1DB099CC2C94D981002C02BD /* Base */; };
		1DB099D62C9554DC002C02BD /* Kingfisher in Frameworks */ = {isa = PBXBuildFile; productRef = 1DB099D52C9554DC002C02BD /* Kingfisher */; };
		1DB099D92C955520002C02BD /* RxAlamofire in Frameworks */ = {isa = PBXBuildFile; productRef = 1DB099D82C955520002C02BD /* RxAlamofire */; };
		1DB099DC2C95553E002C02BD /* SnapKit in Frameworks */ = {isa = PBXBuildFile; productRef = 1DB099DB2C95553E002C02BD /* SnapKit */; };
		1DB099E12C9555AB002C02BD /* RxCocoa in Frameworks */ = {isa = PBXBuildFile; productRef = 1DB099E02C9555AB002C02BD /* RxCocoa */; };
		1DB099E32C9555AB002C02BD /* RxSwift in Frameworks */ = {isa = PBXBuildFile; productRef = 1DB099E22C9555AB002C02BD /* RxSwift */; };
/* End PBXBuildFile section */

/* Begin PBXFileReference section */
		1DB099BD2C94D97F002C02BD /* ModernCollectionView.app */ = {isa = PBXFileReference; explicitFileType = wrapper.application; includeInIndex = 0; path = ModernCollectionView.app; sourceTree = BUILT_PRODUCTS_DIR; };
		1DB099C02C94D97F002C02BD /* AppDelegate.swift */ = {isa = PBXFileReference; lastKnownFileType = sourcecode.swift; path = AppDelegate.swift; sourceTree = "<group>"; };
		1DB099C22C94D97F002C02BD /* SceneDelegate.swift */ = {isa = PBXFileReference; lastKnownFileType = sourcecode.swift; path = SceneDelegate.swift; sourceTree = "<group>"; };
		1DB099C42C94D97F002C02BD /* ViewController.swift */ = {isa = PBXFileReference; lastKnownFileType = sourcecode.swift; path = ViewController.swift; sourceTree = "<group>"; };
		1DB099C72C94D97F002C02BD /* Base */ = {isa = PBXFileReference; lastKnownFileType = file.storyboard; name = Base; path = Base.lproj/Main.storyboard; sourceTree = "<group>"; };
		1DB099C92C94D981002C02BD /* Assets.xcassets */ = {isa = PBXFileReference; lastKnownFileType = folder.assetcatalog; path = Assets.xcassets; sourceTree = "<group>"; };
		1DB099CC2C94D981002C02BD /* Base */ = {isa = PBXFileReference; lastKnownFileType = file.storyboard; name = Base; path = Base.lproj/LaunchScreen.storyboard; sourceTree = "<group>"; };
		1DB099CE2C94D981002C02BD /* Info.plist */ = {isa = PBXFileReference; lastKnownFileType = text.plist.xml; path = Info.plist; sourceTree = "<group>"; };
/* End PBXFileReference section */

/* Begin PBXFrameworksBuildPhase section */
		1DB099BA2C94D97F002C02BD /* Frameworks */ = {
			isa = PBXFrameworksBuildPhase;
			buildActionMask = 2147483647;
			files = (
				1DB099DC2C95553E002C02BD /* SnapKit in Frameworks */,
				1DB099D62C9554DC002C02BD /* Kingfisher in Frameworks */,
				1DB099E32C9555AB002C02BD /* RxSwift in Frameworks */,
				1DB099E12C9555AB002C02BD /* RxCocoa in Frameworks */,
				1DB099D92C955520002C02BD /* RxAlamofire in Frameworks */,
			);
			runOnlyForDeploymentPostprocessing = 0;
		};
/* End PBXFrameworksBuildPhase section */

/* Begin PBXGroup section */
		1DB099B42C94D97F002C02BD = {
			isa = PBXGroup;
			children = (
				1DB099BF2C94D97F002C02BD /* ModernCollectionView */,
				1DB099BE2C94D97F002C02BD /* Products */,
			);
			sourceTree = "<group>";
		};
		1DB099BE2C94D97F002C02BD /* Products */ = {
			isa = PBXGroup;
			children = (
				1DB099BD2C94D97F002C02BD /* ModernCollectionView.app */,
			);
			name = Products;
			sourceTree = "<group>";
		};
		1DB099BF2C94D97F002C02BD /* ModernCollectionView */ = {
			isa = PBXGroup;
			children = (
				1DB099C02C94D97F002C02BD /* AppDelegate.swift */,
				1DB099C22C94D97F002C02BD /* SceneDelegate.swift */,
				1DB099C42C94D97F002C02BD /* ViewController.swift */,
				1DB099C62C94D97F002C02BD /* Main.storyboard */,
				1DB099C92C94D981002C02BD /* Assets.xcassets */,
				1DB099CB2C94D981002C02BD /* LaunchScreen.storyboard */,
				1DB099CE2C94D981002C02BD /* Info.plist */,
			);
			path = ModernCollectionView;
			sourceTree = "<group>";
		};
/* End PBXGroup section */

/* Begin PBXNativeTarget section */
		1DB099BC2C94D97F002C02BD /* ModernCollectionView */ = {
			isa = PBXNativeTarget;
			buildConfigurationList = 1DB099D12C94D981002C02BD /* Build configuration list for PBXNativeTarget "ModernCollectionView" */;
			buildPhases = (
				1DB099B92C94D97F002C02BD /* Sources */,
				1DB099BA2C94D97F002C02BD /* Frameworks */,
				1DB099BB2C94D97F002C02BD /* Resources */,
			);
			buildRules = (
			);
			dependencies = (
			);
			name = ModernCollectionView;
			packageProductDependencies = (
				1DB099D52C9554DC002C02BD /* Kingfisher */,
				1DB099D82C955520002C02BD /* RxAlamofire */,
				1DB099DB2C95553E002C02BD /* SnapKit */,
				1DB099E02C9555AB002C02BD /* RxCocoa */,
				1DB099E22C9555AB002C02BD /* RxSwift */,
			);
			productName = ModernCollectionView;
			productReference = 1DB099BD2C94D97F002C02BD /* ModernCollectionView.app */;
			productType = "com.apple.product-type.application";
		};
/* End PBXNativeTarget section */

/* Begin PBXProject section */
		1DB099B52C94D97F002C02BD /* Project object */ = {
			isa = PBXProject;
			attributes = {
				BuildIndependentTargetsInParallel = 1;
				LastSwiftUpdateCheck = 1540;
				LastUpgradeCheck = 1540;
				TargetAttributes = {
					1DB099BC2C94D97F002C02BD = {
						CreatedOnToolsVersion = 15.4;
					};
				};
			};
			buildConfigurationList = 1DB099B82C94D97F002C02BD /* Build configuration list for PBXProject "ModernCollectionView" */;
			compatibilityVersion = "Xcode 14.0";
			developmentRegion = en;
			hasScannedForEncodings = 0;
			knownRegions = (
				en,
				Base,
			);
			mainGroup = 1DB099B42C94D97F002C02BD;
			packageReferences = (
				1DB099D42C9554DC002C02BD /* XCRemoteSwiftPackageReference "Kingfisher" */,
				1DB099D72C955520002C02BD /* XCRemoteSwiftPackageReference "RxAlamofire" */,
				1DB099DA2C95553E002C02BD /* XCRemoteSwiftPackageReference "SnapKit" */,
				1DB099DF2C9555AB002C02BD /* XCRemoteSwiftPackageReference "RxSwift" */,
			);
			productRefGroup = 1DB099BE2C94D97F002C02BD /* Products */;
			projectDirPath = "";
			projectRoot = "";
			targets = (
				1DB099BC2C94D97F002C02BD /* ModernCollectionView */,
			);
		};
/* End PBXProject section */

/* Begin PBXResourcesBuildPhase section */
		1DB099BB2C94D97F002C02BD /* Resources */ = {
			isa = PBXResourcesBuildPhase;
			buildActionMask = 2147483647;
			files = (
				1DB099CA2C94D981002C02BD /* Assets.xcassets in Resources */,
				1DB099CD2C94D981002C02BD /* Base in Resources */,
				1DB099C82C94D97F002C02BD /* Base in Resources */,
			);
			runOnlyForDeploymentPostprocessing = 0;
		};
/* End PBXResourcesBuildPhase section */

/* Begin PBXSourcesBuildPhase section */
		1DB099B92C94D97F002C02BD /* Sources */ = {
			isa = PBXSourcesBuildPhase;
			buildActionMask = 2147483647;
			files = (
				1DB099C52C94D97F002C02BD /* ViewController.swift in Sources */,
				1DB099C12C94D97F002C02BD /* AppDelegate.swift in Sources */,
				1DB099C32C94D97F002C02BD /* SceneDelegate.swift in Sources */,
			);
			runOnlyForDeploymentPostprocessing = 0;
		};
/* End PBXSourcesBuildPhase section */

/* Begin PBXVariantGroup section */
		1DB099C62C94D97F002C02BD /* Main.storyboard */ = {
			isa = PBXVariantGroup;
			children = (
				1DB099C72C94D97F002C02BD /* Base */,
			);
			name = Main.storyboard;
			sourceTree = "<group>";
		};
		1DB099CB2C94D981002C02BD /* LaunchScreen.storyboard */ = {
			isa = PBXVariantGroup;
			children = (
				1DB099CC2C94D981002C02BD /* Base */,
			);
			name = LaunchScreen.storyboard;
			sourceTree = "<group>";
		};
/* End PBXVariantGroup section */

/* Begin XCBuildConfiguration section */
		1DB099CF2C94D981002C02BD /* Debug */ = {
			isa = XCBuildConfiguration;
			buildSettings = {
				ALWAYS_SEARCH_USER_PATHS = NO;
				ASSETCATALOG_COMPILER_GENERATE_SWIFT_ASSET_SYMBOL_EXTENSIONS = YES;
				CLANG_ANALYZER_NONNULL = YES;
				CLANG_ANALYZER_NUMBER_OBJECT_CONVERSION = YES_AGGRESSIVE;
				CLANG_CXX_LANGUAGE_STANDARD = "gnu++20";
				CLANG_ENABLE_MODULES = YES;
				CLANG_ENABLE_OBJC_ARC = YES;
				CLANG_ENABLE_OBJC_WEAK = YES;
				CLANG_WARN_BLOCK_CAPTURE_AUTORELEASING = YES;
				CLANG_WARN_BOOL_CONVERSION = YES;
				CLANG_WARN_COMMA = YES;
				CLANG_WARN_CONSTANT_CONVERSION = YES;
				CLANG_WARN_DEPRECATED_OBJC_IMPLEMENTATIONS = YES;
				CLANG_WARN_DIRECT_OBJC_ISA_USAGE = YES_ERROR;
				CLANG_WARN_DOCUMENTATION_COMMENTS = YES;
				CLANG_WARN_EMPTY_BODY = YES;
				CLANG_WARN_ENUM_CONVERSION = YES;
				CLANG_WARN_INFINITE_RECURSION = YES;
				CLANG_WARN_INT_CONVERSION = YES;
				CLANG_WARN_NON_LITERAL_NULL_CONVERSION = YES;
				CLANG_WARN_OBJC_IMPLICIT_RETAIN_SELF = YES;
				CLANG_WARN_OBJC_LITERAL_CONVERSION = YES;
				CLANG_WARN_OBJC_ROOT_CLASS = YES_ERROR;
				CLANG_WARN_QUOTED_INCLUDE_IN_FRAMEWORK_HEADER = YES;
				CLANG_WARN_RANGE_LOOP_ANALYSIS = YES;
				CLANG_WARN_STRICT_PROTOTYPES = YES;
				CLANG_WARN_SUSPICIOUS_MOVE = YES;
				CLANG_WARN_UNGUARDED_AVAILABILITY = YES_AGGRESSIVE;
				CLANG_WARN_UNREACHABLE_CODE = YES;
				CLANG_WARN__DUPLICATE_METHOD_MATCH = YES;
				COPY_PHASE_STRIP = NO;
				DEBUG_INFORMATION_FORMAT = dwarf;
				ENABLE_STRICT_OBJC_MSGSEND = YES;
				ENABLE_TESTABILITY = YES;
				ENABLE_USER_SCRIPT_SANDBOXING = YES;
				GCC_C_LANGUAGE_STANDARD = gnu17;
				GCC_DYNAMIC_NO_PIC = NO;
				GCC_NO_COMMON_BLOCKS = YES;
				GCC_OPTIMIZATION_LEVEL = 0;
				GCC_PREPROCESSOR_DEFINITIONS = (
					"DEBUG=1",
					"$(inherited)",
				);
				GCC_WARN_64_TO_32_BIT_CONVERSION = YES;
				GCC_WARN_ABOUT_RETURN_TYPE = YES_ERROR;
				GCC_WARN_UNDECLARED_SELECTOR = YES;
				GCC_WARN_UNINITIALIZED_AUTOS = YES_AGGRESSIVE;
				GCC_WARN_UNUSED_FUNCTION = YES;
				GCC_WARN_UNUSED_VARIABLE = YES;
				IPHONEOS_DEPLOYMENT_TARGET = 17.5;
				LOCALIZATION_PREFERS_STRING_CATALOGS = YES;
				MTL_ENABLE_DEBUG_INFO = INCLUDE_SOURCE;
				MTL_FAST_MATH = YES;
				ONLY_ACTIVE_ARCH = YES;
				SDKROOT = iphoneos;
				SWIFT_ACTIVE_COMPILATION_CONDITIONS = "DEBUG $(inherited)";
				SWIFT_OPTIMIZATION_LEVEL = "-Onone";
			};
			name = Debug;
		};
		1DB099D02C94D981002C02BD /* Release */ = {
			isa = XCBuildConfiguration;
			buildSettings = {
				ALWAYS_SEARCH_USER_PATHS = NO;
				ASSETCATALOG_COMPILER_GENERATE_SWIFT_ASSET_SYMBOL_EXTENSIONS = YES;
				CLANG_ANALYZER_NONNULL = YES;
				CLANG_ANALYZER_NUMBER_OBJECT_CONVERSION = YES_AGGRESSIVE;
				CLANG_CXX_LANGUAGE_STANDARD = "gnu++20";
				CLANG_ENABLE_MODULES = YES;
				CLANG_ENABLE_OBJC_ARC = YES;
				CLANG_ENABLE_OBJC_WEAK = YES;
				CLANG_WARN_BLOCK_CAPTURE_AUTORELEASING = YES;
				CLANG_WARN_BOOL_CONVERSION = YES;
				CLANG_WARN_COMMA = YES;
				CLANG_WARN_CONSTANT_CONVERSION = YES;
				CLANG_WARN_DEPRECATED_OBJC_IMPLEMENTATIONS = YES;
				CLANG_WARN_DIRECT_OBJC_ISA_USAGE = YES_ERROR;
				CLANG_WARN_DOCUMENTATION_COMMENTS = YES;
				CLANG_WARN_EMPTY_BODY = YES;
				CLANG_WARN_ENUM_CONVERSION = YES;
				CLANG_WARN_INFINITE_RECURSION = YES;
				CLANG_WARN_INT_CONVERSION = YES;
				CLANG_WARN_NON_LITERAL_NULL_CONVERSION = YES;
				CLANG_WARN_OBJC_IMPLICIT_RETAIN_SELF = YES;
				CLANG_WARN_OBJC_LITERAL_CONVERSION = YES;
				CLANG_WARN_OBJC_ROOT_CLASS = YES_ERROR;
				CLANG_WARN_QUOTED_INCLUDE_IN_FRAMEWORK_HEADER = YES;
				CLANG_WARN_RANGE_LOOP_ANALYSIS = YES;
				CLANG_WARN_STRICT_PROTOTYPES = YES;
				CLANG_WARN_SUSPICIOUS_MOVE = YES;
				CLANG_WARN_UNGUARDED_AVAILABILITY = YES_AGGRESSIVE;
				CLANG_WARN_UNREACHABLE_CODE = YES;
				CLANG_WARN__DUPLICATE_METHOD_MATCH = YES;
				COPY_PHASE_STRIP = NO;
				DEBUG_INFORMATION_FORMAT = "dwarf-with-dsym";
				ENABLE_NS_ASSERTIONS = NO;
				ENABLE_STRICT_OBJC_MSGSEND = YES;
				ENABLE_USER_SCRIPT_SANDBOXING = YES;
				GCC_C_LANGUAGE_STANDARD = gnu17;
				GCC_NO_COMMON_BLOCKS = YES;
				GCC_WARN_64_TO_32_BIT_CONVERSION = YES;
				GCC_WARN_ABOUT_RETURN_TYPE = YES_ERROR;
				GCC_WARN_UNDECLARED_SELECTOR = YES;
				GCC_WARN_UNINITIALIZED_AUTOS = YES_AGGRESSIVE;
				GCC_WARN_UNUSED_FUNCTION = YES;
				GCC_WARN_UNUSED_VARIABLE = YES;
				IPHONEOS_DEPLOYMENT_TARGET = 17.5;
				LOCALIZATION_PREFERS_STRING_CATALOGS = YES;
				MTL_ENABLE_DEBUG_INFO = NO;
				MTL_FAST_MATH = YES;
				SDKROOT = iphoneos;
				SWIFT_COMPILATION_MODE = wholemodule;
				VALIDATE_PRODUCT = YES;
			};
			name = Release;
		};
		1DB099D22C94D981002C02BD /* Debug */ = {
			isa = XCBuildConfiguration;
			buildSettings = {
				ASSETCATALOG_COMPILER_APPICON_NAME = AppIcon;
				ASSETCATALOG_COMPILER_GLOBAL_ACCENT_COLOR_NAME = AccentColor;
				CODE_SIGN_STYLE = Automatic;
				CURRENT_PROJECT_VERSION = 1;
				DEVELOPMENT_TEAM = 7HTRP53WA3;
				GENERATE_INFOPLIST_FILE = YES;
				INFOPLIST_FILE = ModernCollectionView/Info.plist;
				INFOPLIST_KEY_UIApplicationSupportsIndirectInputEvents = YES;
				INFOPLIST_KEY_UILaunchStoryboardName = LaunchScreen;
				INFOPLIST_KEY_UIMainStoryboardFile = Main;
				INFOPLIST_KEY_UISupportedInterfaceOrientations_iPad = "UIInterfaceOrientationPortrait UIInterfaceOrientationPortraitUpsideDown UIInterfaceOrientationLandscapeLeft UIInterfaceOrientationLandscapeRight";
				INFOPLIST_KEY_UISupportedInterfaceOrientations_iPhone = "UIInterfaceOrientationPortrait UIInterfaceOrientationLandscapeLeft UIInterfaceOrientationLandscapeRight";
				LD_RUNPATH_SEARCH_PATHS = (
					"$(inherited)",
					"@executable_path/Frameworks",
				);
				MARKETING_VERSION = 1.0;
				PRODUCT_BUNDLE_IDENTIFIER = com.Jhong.ModernCollectionView;
				PRODUCT_NAME = "$(TARGET_NAME)";
				SUPPORTED_PLATFORMS = "iphoneos iphonesimulator";
				SUPPORTS_MACCATALYST = NO;
				SUPPORTS_MAC_DESIGNED_FOR_IPHONE_IPAD = NO;
				SUPPORTS_XR_DESIGNED_FOR_IPHONE_IPAD = NO;
				SWIFT_EMIT_LOC_STRINGS = YES;
				SWIFT_VERSION = 5.0;
				TARGETED_DEVICE_FAMILY = 1;
			};
			name = Debug;
		};
		1DB099D32C94D981002C02BD /* Release */ = {
			isa = XCBuildConfiguration;
			buildSettings = {
				ASSETCATALOG_COMPILER_APPICON_NAME = AppIcon;
				ASSETCATALOG_COMPILER_GLOBAL_ACCENT_COLOR_NAME = AccentColor;
				CODE_SIGN_STYLE = Automatic;
				CURRENT_PROJECT_VERSION = 1;
				DEVELOPMENT_TEAM = 7HTRP53WA3;
				GENERATE_INFOPLIST_FILE = YES;
				INFOPLIST_FILE = ModernCollectionView/Info.plist;
				INFOPLIST_KEY_UIApplicationSupportsIndirectInputEvents = YES;
				INFOPLIST_KEY_UILaunchStoryboardName = LaunchScreen;
				INFOPLIST_KEY_UIMainStoryboardFile = Main;
				INFOPLIST_KEY_UISupportedInterfaceOrientations_iPad = "UIInterfaceOrientationPortrait UIInterfaceOrientationPortraitUpsideDown UIInterfaceOrientationLandscapeLeft UIInterfaceOrientationLandscapeRight";
				INFOPLIST_KEY_UISupportedInterfaceOrientations_iPhone = "UIInterfaceOrientationPortrait UIInterfaceOrientationLandscapeLeft UIInterfaceOrientationLandscapeRight";
				LD_RUNPATH_SEARCH_PATHS = (
					"$(inherited)",
					"@executable_path/Frameworks",
				);
				MARKETING_VERSION = 1.0;
				PRODUCT_BUNDLE_IDENTIFIER = com.Jhong.ModernCollectionView;
				PRODUCT_NAME = "$(TARGET_NAME)";
				SUPPORTED_PLATFORMS = "iphoneos iphonesimulator";
				SUPPORTS_MACCATALYST = NO;
				SUPPORTS_MAC_DESIGNED_FOR_IPHONE_IPAD = NO;
				SUPPORTS_XR_DESIGNED_FOR_IPHONE_IPAD = NO;
				SWIFT_EMIT_LOC_STRINGS = YES;
				SWIFT_VERSION = 5.0;
				TARGETED_DEVICE_FAMILY = 1;
			};
			name = Release;
		};
/* End XCBuildConfiguration section */

/* Begin XCConfigurationList section */
		1DB099B82C94D97F002C02BD /* Build configuration list for PBXProject "ModernCollectionView" */ = {
			isa = XCConfigurationList;
			buildConfigurations = (
				1DB099CF2C94D981002C02BD /* Debug */,
				1DB099D02C94D981002C02BD /* Release */,
			);
			defaultConfigurationIsVisible = 0;
			defaultConfigurationName = Release;
		};
		1DB099D12C94D981002C02BD /* Build configuration list for PBXNativeTarget "ModernCollectionView" */ = {
			isa = XCConfigurationList;
			buildConfigurations = (
				1DB099D22C94D981002C02BD /* Debug */,
				1DB099D32C94D981002C02BD /* Release */,
			);
			defaultConfigurationIsVisible = 0;
			defaultConfigurationName = Release;
		};
/* End XCConfigurationList section */

/* Begin XCRemoteSwiftPackageReference section */
		1DB099D42C9554DC002C02BD /* XCRemoteSwiftPackageReference "Kingfisher" */ = {
			isa = XCRemoteSwiftPackageReference;
			repositoryURL = "https://github.com/onevcat/Kingfisher.git";
			requirement = {
				kind = upToNextMajorVersion;
				minimumVersion = 7.12.0;
			};
		};
		1DB099D72C955520002C02BD /* XCRemoteSwiftPackageReference "RxAlamofire" */ = {
			isa = XCRemoteSwiftPackageReference;
			repositoryURL = "https://github.com/RxSwiftCommunity/RxAlamofire.git";
			requirement = {
				kind = upToNextMajorVersion;
				minimumVersion = 5.2.0;
			};
		};
		1DB099DA2C95553E002C02BD /* XCRemoteSwiftPackageReference "SnapKit" */ = {
			isa = XCRemoteSwiftPackageReference;
			repositoryURL = "https://github.com/SnapKit/SnapKit.git";
			requirement = {
				kind = upToNextMajorVersion;
				minimumVersion = 5.7.1;
			};
		};
		1DB099DF2C9555AB002C02BD /* XCRemoteSwiftPackageReference "RxSwift" */ = {
			isa = XCRemoteSwiftPackageReference;
			repositoryURL = "https://github.com/ReactiveX/RxSwift.git";
			requirement = {
				kind = upToNextMajorVersion;
				minimumVersion = 6.7.1;
			};
		};
/* End XCRemoteSwiftPackageReference section */

/* Begin XCSwiftPackageProductDependency section */
		1DB099D52C9554DC002C02BD /* Kingfisher */ = {
			isa = XCSwiftPackageProductDependency;
			package = 1DB099D42C9554DC002C02BD /* XCRemoteSwiftPackageReference "Kingfisher" */;
			productName = Kingfisher;
		};
		1DB099D82C955520002C02BD /* RxAlamofire */ = {
			isa = XCSwiftPackageProductDependency;
			package = 1DB099D72C955520002C02BD /* XCRemoteSwiftPackageReference "RxAlamofire" */;
			productName = RxAlamofire;
		};
		1DB099DB2C95553E002C02BD /* SnapKit */ = {
			isa = XCSwiftPackageProductDependency;
			package = 1DB099DA2C95553E002C02BD /* XCRemoteSwiftPackageReference "SnapKit" */;
			productName = SnapKit;
		};
		1DB099E02C9555AB002C02BD /* RxCocoa */ = {
			isa = XCSwiftPackageProductDependency;
			package = 1DB099DF2C9555AB002C02BD /* XCRemoteSwiftPackageReference "RxSwift" */;
			productName = RxCocoa;
		};
		1DB099E22C9555AB002C02BD /* RxSwift */ = {
			isa = XCSwiftPackageProductDependency;
			package = 1DB099DF2C9555AB002C02BD /* XCRemoteSwiftPackageReference "RxSwift" */;
			productName = RxSwift;
		};
/* End XCSwiftPackageProductDependency section */
	};
	rootObject = 1DB099B52C94D97F002C02BD /* Project object */;
}
